
Microsoft Visual Studio Solution File, Format Version 12.00
# Visual Studio Version 17
VisualStudioVersion = 17.3.32825.248
MinimumVisualStudioVersion = 10.0.40219.1
Project("{FAE04EC0-301F-11D3-BF4B-00C04F79EFBC}") = "Taskmaster", "Taskmaster\Taskmaster.csproj", "{61280F03-328C-4915-95E0-15C44DF85563}"
EndProject
Global
	GlobalSection(SolutionConfigurationPlatforms) = preSolution
		Debug|Any CPU = Debug|Any CPU
		Release|Any CPU = Release|Any CPU
	EndGlobalSection
	GlobalSection(ProjectConfigurationPlatforms) = postSolution
		{61280F03-328C-4915-95E0-15C44DF85563}.Debug|Any CPU.ActiveCfg = Debug|Any CPU
		{61280F03-328C-4915-95E0-15C44DF85563}.Debug|Any CPU.Build.0 = Debug|Any CPU
		{61280F03-328C-4915-95E0-15C44DF85563}.Release|Any CPU.ActiveCfg = Release|Any CPU
		{61280F03-328C-4915-95E0-15C44DF85563}.Release|Any CPU.Build.0 = Release|Any CPU
	EndGlobalSection
	GlobalSection(SolutionProperties) = preSolution
		HideSolutionNode = FALSE
	EndGlobalSection
	GlobalSection(ExtensibilityGlobals) = postSolution
		SolutionGuid = {A6CE30A5-17C6-4C72-B945-AF53AC53CDBF}
	EndGlobalSection
EndGlobal
